
Microsoft Visual Studio Solution File, Format Version 12.00
# Visual Studio Express 2013 for Windows
VisualStudioVersion = 12.0.30723.0
MinimumVisualStudioVersion = 10.0.40219.1
Project("{2150E333-8FDC-42A3-9474-1A3956D46DE8}") = "Phoenix", "Phoenix", "{63FEA91A-641D-45E5-8357-F46F15E0449A}"
EndProject
Project("{8BC9CEB8-8B4A-11D0-8D11-00A0C91BC942}") = "Phoenix.Shared", "Phoenix\Phoenix.Shared\Phoenix.Shared.vcxitems", "{E2BF0AEF-C373-4AE1-9DFF-9353AAFCDA3C}"
EndProject
Project("{8BC9CEB8-8B4A-11D0-8D11-00A0C91BC942}") = "Phoenix.Windows", "Phoenix\Phoenix.Windows\Phoenix.Windows.vcxproj", "{7F10EBF3-1646-40A9-8162-469D0080F625}"
EndProject
Project("{8BC9CEB8-8B4A-11D0-8D11-00A0C91BC942}") = "Phoenix.WindowsPhone", "Phoenix\Phoenix.WindowsPhone\Phoenix.WindowsPhone.vcxproj", "{1F415BAF-F6E5-4A8A-8FE0-3A02F5CF542C}"
EndProject
Global
	GlobalSection(SharedMSBuildProjectFiles) = preSolution
		Phoenix\Phoenix.Shared\Phoenix.Shared.vcxitems*{e2bf0aef-c373-4ae1-9dff-9353aafcda3c}*SharedItemsImports = 9
		Phoenix\Phoenix.Shared\Phoenix.Shared.vcxitems*{1f415baf-f6e5-4a8a-8fe0-3a02f5cf542c}*SharedItemsImports = 4
		Phoenix\Phoenix.Shared\Phoenix.Shared.vcxitems*{7f10ebf3-1646-40a9-8162-469d0080f625}*SharedItemsImports = 4
	EndGlobalSection
	GlobalSection(SolutionConfigurationPlatforms) = preSolution
		Debug|ARM = Debug|ARM
		Debug|Win32 = Debug|Win32
		Debug|x64 = Debug|x64
		Release|ARM = Release|ARM
		Release|Win32 = Release|Win32
		Release|x64 = Release|x64
	EndGlobalSection
	GlobalSection(ProjectConfigurationPlatforms) = postSolution
		{7F10EBF3-1646-40A9-8162-469D0080F625}.Debug|ARM.ActiveCfg = Debug|ARM
		{7F10EBF3-1646-40A9-8162-469D0080F625}.Debug|ARM.Build.0 = Debug|ARM
		{7F10EBF3-1646-40A9-8162-469D0080F625}.Debug|ARM.Deploy.0 = Debug|ARM
		{7F10EBF3-1646-40A9-8162-469D0080F625}.Debug|Win32.ActiveCfg = Debug|Win32
		{7F10EBF3-1646-40A9-8162-469D0080F625}.Debug|Win32.Build.0 = Debug|Win32
		{7F10EBF3-1646-40A9-8162-469D0080F625}.Debug|Win32.Deploy.0 = Debug|Win32
		{7F10EBF3-1646-40A9-8162-469D0080F625}.Debug|x64.ActiveCfg = Debug|x64
		{7F10EBF3-1646-40A9-8162-469D0080F625}.Debug|x64.Build.0 = Debug|x64
		{7F10EBF3-1646-40A9-8162-469D0080F625}.Debug|x64.Deploy.0 = Debug|x64
		{7F10EBF3-1646-40A9-8162-469D0080F625}.Release|ARM.ActiveCfg = Release|ARM
		{7F10EBF3-1646-40A9-8162-469D0080F625}.Release|ARM.Build.0 = Release|ARM
		{7F10EBF3-1646-40A9-8162-469D0080F625}.Release|ARM.Deploy.0 = Release|ARM
		{7F10EBF3-1646-40A9-8162-469D0080F625}.Release|Win32.ActiveCfg = Release|Win32
		{7F10EBF3-1646-40A9-8162-469D0080F625}.Release|Win32.Build.0 = Release|Win32
		{7F10EBF3-1646-40A9-8162-469D0080F625}.Release|Win32.Deploy.0 = Release|Win32
		{7F10EBF3-1646-40A9-8162-469D0080F625}.Release|x64.ActiveCfg = Release|x64
		{7F10EBF3-1646-40A9-8162-469D0080F625}.Release|x64.Build.0 = Release|x64
		{7F10EBF3-1646-40A9-8162-469D0080F625}.Release|x64.Deploy.0 = Release|x64
		{1F415BAF-F6E5-4A8A-8FE0-3A02F5CF542C}.Debug|ARM.ActiveCfg = Debug|ARM
		{1F415BAF-F6E5-4A8A-8FE0-3A02F5CF542C}.Debug|ARM.Build.0 = Debug|ARM
		{1F415BAF-F6E5-4A8A-8FE0-3A02F5CF542C}.Debug|ARM.Deploy.0 = Debug|ARM
		{1F415BAF-F6E5-4A8A-8FE0-3A02F5CF542C}.Debug|Win32.ActiveCfg = Debug|Win32
		{1F415BAF-F6E5-4A8A-8FE0-3A02F5CF542C}.Debug|Win32.Build.0 = Debug|Win32
		{1F415BAF-F6E5-4A8A-8FE0-3A02F5CF542C}.Debug|Win32.Deploy.0 = Debug|Win32
		{1F415BAF-F6E5-4A8A-8FE0-3A02F5CF542C}.Debug|x64.ActiveCfg = Debug|Win32
		{1F415BAF-F6E5-4A8A-8FE0-3A02F5CF542C}.Release|ARM.ActiveCfg = Release|ARM
		{1F415BAF-F6E5-4A8A-8FE0-3A02F5CF542C}.Release|ARM.Build.0 = Release|ARM
		{1F415BAF-F6E5-4A8A-8FE0-3A02F5CF542C}.Release|ARM.Deploy.0 = Release|ARM
		{1F415BAF-F6E5-4A8A-8FE0-3A02F5CF542C}.Release|Win32.ActiveCfg = Release|Win32
		{1F415BAF-F6E5-4A8A-8FE0-3A02F5CF542C}.Release|Win32.Build.0 = Release|Win32
		{1F415BAF-F6E5-4A8A-8FE0-3A02F5CF542C}.Release|Win32.Deploy.0 = Release|Win32
		{1F415BAF-F6E5-4A8A-8FE0-3A02F5CF542C}.Release|x64.ActiveCfg = Release|Win32
	EndGlobalSection
	GlobalSection(SolutionProperties) = preSolution
		HideSolutionNode = FALSE
	EndGlobalSection
	GlobalSection(NestedProjects) = preSolution
		{E2BF0AEF-C373-4AE1-9DFF-9353AAFCDA3C} = {63FEA91A-641D-45E5-8357-F46F15E0449A}
		{7F10EBF3-1646-40A9-8162-469D0080F625} = {63FEA91A-641D-45E5-8357-F46F15E0449A}
		{1F415BAF-F6E5-4A8A-8FE0-3A02F5CF542C} = {63FEA91A-641D-45E5-8357-F46F15E0449A}
	EndGlobalSection
EndGlobal
